
Microsoft Visual Studio Solution File, Format Version 12.00
# Visual Studio 15
VisualStudioVersion = 15.0.26124.0
MinimumVisualStudioVersion = 15.0.26124.0
Project("{2150E333-8FDC-42A3-9474-1A3956D46DE8}") = "src", "src", "{A249E00E-33F6-4692-AB89-C7AA7E838E3E}"
EndProject
Project("{FAE04EC0-301F-11D3-BF4B-00C04F79EFBC}") = "Greeting.Api", "src\Greeting.Api\Greeting.Api.csproj", "{F1FF2A5B-5322-439D-88C4-E0A1D4045C85}"
EndProject
Project("{2150E333-8FDC-42A3-9474-1A3956D46DE8}") = "test", "test", "{41BA0801-6003-4416-B50D-A5F417F5B758}"
EndProject
Project("{FAE04EC0-301F-11D3-BF4B-00C04F79EFBC}") = "Greeting.Api.Tests", "test\Greeting.Api.Tests\Greeting.Api.Tests.csproj", "{8C2D5A37-CEE0-49F9-B71B-2F73516C53F3}"
EndProject
Global
	GlobalSection(SolutionConfigurationPlatforms) = preSolution
		Debug|Any CPU = Debug|Any CPU
		Debug|x64 = Debug|x64
		Debug|x86 = Debug|x86
		Release|Any CPU = Release|Any CPU
		Release|x64 = Release|x64
		Release|x86 = Release|x86
	EndGlobalSection
	GlobalSection(SolutionProperties) = preSolution
		HideSolutionNode = FALSE
	EndGlobalSection
	GlobalSection(ProjectConfigurationPlatforms) = postSolution
		{F1FF2A5B-5322-439D-88C4-E0A1D4045C85}.Debug|Any CPU.ActiveCfg = Debug|Any CPU
		{F1FF2A5B-5322-439D-88C4-E0A1D4045C85}.Debug|Any CPU.Build.0 = Debug|Any CPU
		{F1FF2A5B-5322-439D-88C4-E0A1D4045C85}.Debug|x64.ActiveCfg = Debug|Any CPU
		{F1FF2A5B-5322-439D-88C4-E0A1D4045C85}.Debug|x64.Build.0 = Debug|Any CPU
		{F1FF2A5B-5322-439D-88C4-E0A1D4045C85}.Debug|x86.ActiveCfg = Debug|Any CPU
		{F1FF2A5B-5322-439D-88C4-E0A1D4045C85}.Debug|x86.Build.0 = Debug|Any CPU
		{F1FF2A5B-5322-439D-88C4-E0A1D4045C85}.Release|Any CPU.ActiveCfg = Release|Any CPU
		{F1FF2A5B-5322-439D-88C4-E0A1D4045C85}.Release|Any CPU.Build.0 = Release|Any CPU
		{F1FF2A5B-5322-439D-88C4-E0A1D4045C85}.Release|x64.ActiveCfg = Release|Any CPU
		{F1FF2A5B-5322-439D-88C4-E0A1D4045C85}.Release|x64.Build.0 = Release|Any CPU
		{F1FF2A5B-5322-439D-88C4-E0A1D4045C85}.Release|x86.ActiveCfg = Release|Any CPU
		{F1FF2A5B-5322-439D-88C4-E0A1D4045C85}.Release|x86.Build.0 = Release|Any CPU
		{8C2D5A37-CEE0-49F9-B71B-2F73516C53F3}.Debug|Any CPU.ActiveCfg = Debug|Any CPU
		{8C2D5A37-CEE0-49F9-B71B-2F73516C53F3}.Debug|Any CPU.Build.0 = Debug|Any CPU
		{8C2D5A37-CEE0-49F9-B71B-2F73516C53F3}.Debug|x64.ActiveCfg = Debug|Any CPU
		{8C2D5A37-CEE0-49F9-B71B-2F73516C53F3}.Debug|x64.Build.0 = Debug|Any CPU
		{8C2D5A37-CEE0-49F9-B71B-2F73516C53F3}.Debug|x86.ActiveCfg = Debug|Any CPU
		{8C2D5A37-CEE0-49F9-B71B-2F73516C53F3}.Debug|x86.Build.0 = Debug|Any CPU
		{8C2D5A37-CEE0-49F9-B71B-2F73516C53F3}.Release|Any CPU.ActiveCfg = Release|Any CPU
		{8C2D5A37-CEE0-49F9-B71B-2F73516C53F3}.Release|Any CPU.Build.0 = Release|Any CPU
		{8C2D5A37-CEE0-49F9-B71B-2F73516C53F3}.Release|x64.ActiveCfg = Release|Any CPU
		{8C2D5A37-CEE0-49F9-B71B-2F73516C53F3}.Release|x64.Build.0 = Release|Any CPU
		{8C2D5A37-CEE0-49F9-B71B-2F73516C53F3}.Release|x86.ActiveCfg = Release|Any CPU
		{8C2D5A37-CEE0-49F9-B71B-2F73516C53F3}.Release|x86.Build.0 = Release|Any CPU
	EndGlobalSection
	GlobalSection(NestedProjects) = preSolution
		{F1FF2A5B-5322-439D-88C4-E0A1D4045C85} = {A249E00E-33F6-4692-AB89-C7AA7E838E3E}
		{8C2D5A37-CEE0-49F9-B71B-2F73516C53F3} = {41BA0801-6003-4416-B50D-A5F417F5B758}
	EndGlobalSection
EndGlobal
